{
  "name": "apollo-datasource-givefood",
  "version": "0.0.0-semantic-release",
  "lockfileVersion": 1,
  "requires": true,
  "dependencies": {
    "@apollo/utils.keyvaluecache": {
      "version": "1.0.2",
      "resolved": "https://registry.npmjs.org/@apollo/utils.keyvaluecache/-/utils.keyvaluecache-1.0.2.tgz",
      "integrity": "sha512-p7PVdLPMnPzmXSQVEsy27cYEjVON+SH/Wb7COyW3rQN8+wJgT1nv9jZouYtztWW8ZgTkii5T6tC9qfoDREd4mg==",
      "requires": {
        "@apollo/utils.logger": "^1.0.0",
        "lru-cache": "7.10.1 - 7.13.1"
      }
    },
    "@apollo/utils.logger": {
      "version": "1.0.1",
      "resolved": "https://registry.npmjs.org/@apollo/utils.logger/-/utils.logger-1.0.1.tgz",
      "integrity": "sha512-XdlzoY7fYNK4OIcvMD2G94RoFZbzTQaNP0jozmqqMudmaGo2I/2Jx71xlDJ801mWA/mbYRihyaw6KJii7k5RVA=="
    },
    "apollo-datasource": {
      "version": "3.3.2",
      "resolved": "https://registry.npmjs.org/apollo-datasource/-/apollo-datasource-3.3.2.tgz",
      "integrity": "sha512-L5TiS8E2Hn/Yz7SSnWIVbZw0ZfEIXZCa5VUiVxD9P53JvSrf4aStvsFDlGWPvpIdCR+aly2CfoB79B9/JjKFqg==",
      "requires": {
        "@apollo/utils.keyvaluecache": "^1.0.1",
        "apollo-server-env": "^4.2.1"
      }
    },
    "apollo-datasource-rest": {
      "version": "3.7.0",
      "resolved": "https://registry.npmjs.org/apollo-datasource-rest/-/apollo-datasource-rest-3.7.0.tgz",
      "integrity": "sha512-MeORtXZtc9drAvsarAGAUI4GZKoYFVc1OXIvehIZ/6pJrOdKGziGbraos2s/A+u8mpNPfbpk7W6f7uKtmwV0AA==",
      "requires": {
        "@apollo/utils.keyvaluecache": "^1.0.1",
        "apollo-datasource": "^3.3.2",
        "apollo-server-env": "^4.2.1",
        "apollo-server-errors": "^3.3.1",
        "http-cache-semantics": "^4.1.0"
      }
    },
    "apollo-server-env": {
      "version": "4.2.1",
      "resolved": "https://registry.npmjs.org/apollo-server-env/-/apollo-server-env-4.2.1.tgz",
      "integrity": "sha512-vm/7c7ld+zFMxibzqZ7SSa5tBENc4B0uye9LTfjJwGoQFY5xsUPH5FpO5j0bMUDZ8YYNbrF9SNtzc5Cngcr90g==",
      "requires": {
        "node-fetch": "^2.6.7"
      }
    },
    "apollo-server-errors": {
      "version": "3.3.1",
      "resolved": "https://registry.npmjs.org/apollo-server-errors/-/apollo-server-errors-3.3.1.tgz",
      "integrity": "sha512-xnZJ5QWs6FixHICXHxUfm+ZWqqxrNuPlQ+kj5m6RtEgIpekOPssH/SD9gf2B4HuWV0QozorrygwZnux8POvyPA=="
    },
    "http-cache-semantics": {
      "version": "4.1.1",
      "resolved": "https://registry.npmjs.org/http-cache-semantics/-/http-cache-semantics-4.1.1.tgz",
      "integrity": "sha512-er295DKPVsV82j5kw1Gjt+ADA/XYHsajl82cGNQG2eyoPkvgUhX+nDIyelzhIWbbsXP39EHcI6l5tYs2FYqYXQ=="
    },
    "lru-cache": {
      "version": "7.13.1",
      "resolved": "https://registry.npmjs.org/lru-cache/-/lru-cache-7.13.1.tgz",
      "integrity": "sha512-CHqbAq7NFlW3RSnoWXLJBxCWaZVBrfa9UEHId2M3AW8iEBurbqduNexEUCGc3SHc6iCYXNJCDi903LajSVAEPQ=="
    },
    "node-fetch": {
      "version": "2.6.11",
      "resolved": "https://registry.npmjs.org/node-fetch/-/node-fetch-2.6.11.tgz",
      "integrity": "sha512-4I6pdBY1EthSqDmJkiNk3JIT8cswwR9nfeW/cPdUagJYEQG7R95WRH74wpz7ma8Gh/9dI9FP+OU+0E4FvtA55w==",
      "requires": {
        "whatwg-url": "^5.0.0"
      }
    },
    "tr46": {
      "version": "0.0.3",
      "resolved": "https://registry.npmjs.org/tr46/-/tr46-0.0.3.tgz",
      "integrity": "sha512-N3WMsuqV66lT30CrXNbEjx4GEwlow3v6rr4mCcv6prnfwhS01rkgyFdjPNBYd9br7LpXV1+Emh01fHnq2Gdgrw=="
    },
    "webidl-conversions": {
      "version": "3.0.1",
      "resolved": "https://registry.npmjs.org/webidl-conversions/-/webidl-conversions-3.0.1.tgz",
      "integrity": "sha512-2JAn3z8AR6rjK8Sm8orRC0h/bcl/DqL7tRPdGZ4I1CjdF+EaMLmYxBHyXuKL849eucPFhvBoxMsflfOb8kxaeQ=="
    },
    "whatwg-url": {
      "version": "5.0.0",
      "resolved": "https://registry.npmjs.org/whatwg-url/-/whatwg-url-5.0.0.tgz",
      "integrity": "sha512-saE57nupxk6v3HY35+jzBwYa0rKSy0XR8JSxZPwgLr7ys0IBzhGviA1/TUGJLmSVqs8pb9AnvICXEuOHLprYTw==",
      "requires": {
        "tr46": "~0.0.3",
        "webidl-conversions": "^3.0.0"
      }
    }
  }
}
